// !$*UTF8*$!
{
	archiveVersion = 1;
	classes = {
	};
	objectVersion = 56;
	objects = {

/* Begin PBXBuildFile section */
		E80871342ADB9F0200E66660 /* LinkViewModel.swift in Sources */ = {isa = PBXBuildFile; fileRef = E80871332ADB9F0200E66660 /* LinkViewModel.swift */; };
		E80871362ADB9F1000E66660 /* LinkView.swift in Sources */ = {isa = PBXBuildFile; fileRef = E80871352ADB9F1000E66660 /* LinkView.swift */; };
		E84B2A442ADD671700DF0BCA /* SwiftSoup in Frameworks */ = {isa = PBXBuildFile; productRef = E84B2A432ADD671700DF0BCA /* SwiftSoup */; };
		E89DF8342B24B24900F98170 /* OpenGraphReader in Frameworks */ = {isa = PBXBuildFile; productRef = E89DF8332B24B24900F98170 /* OpenGraphReader */; };
		E8A8086D2B2440BD00B3CE39 /* Alamofire in Frameworks */ = {isa = PBXBuildFile; productRef = E8A8086C2B2440BD00B3CE39 /* Alamofire */; };
		E8BB70902ADAE15B005385D4 /* HttpRequestApp.swift in Sources */ = {isa = PBXBuildFile; fileRef = E8BB708F2ADAE15B005385D4 /* HttpRequestApp.swift */; };
		E8BB70942ADAE15C005385D4 /* Assets.xcassets in Resources */ = {isa = PBXBuildFile; fileRef = E8BB70932ADAE15C005385D4 /* Assets.xcassets */; };
		E8BB70972ADAE15C005385D4 /* Preview Assets.xcassets in Resources */ = {isa = PBXBuildFile; fileRef = E8BB70962ADAE15C005385D4 /* Preview Assets.xcassets */; };
		E8BB70992ADAE15C005385D4 /* Persistence.swift in Sources */ = {isa = PBXBuildFile; fileRef = E8BB70982ADAE15C005385D4 /* Persistence.swift */; };
		E8BB709C2ADAE15C005385D4 /* HttpRequest.xcdatamodeld in Sources */ = {isa = PBXBuildFile; fileRef = E8BB709A2ADAE15C005385D4 /* HttpRequest.xcdatamodeld */; };
		E8BB70A32ADAE1D1005385D4 /* HomeView.swift in Sources */ = {isa = PBXBuildFile; fileRef = E8BB70A22ADAE1D1005385D4 /* HomeView.swift */; };
/* End PBXBuildFile section */

/* Begin PBXFileReference section */
		E80871332ADB9F0200E66660 /* LinkViewModel.swift */ = {isa = PBXFileReference; lastKnownFileType = sourcecode.swift; path = LinkViewModel.swift; sourceTree = "<group>"; };
		E80871352ADB9F1000E66660 /* LinkView.swift */ = {isa = PBXFileReference; lastKnownFileType = sourcecode.swift; path = LinkView.swift; sourceTree = "<group>"; };
		E8BB708C2ADAE15B005385D4 /* HttpRequest.app */ = {isa = PBXFileReference; explicitFileType = wrapper.application; includeInIndex = 0; path = HttpRequest.app; sourceTree = BUILT_PRODUCTS_DIR; };
		E8BB708F2ADAE15B005385D4 /* HttpRequestApp.swift */ = {isa = PBXFileReference; lastKnownFileType = sourcecode.swift; path = HttpRequestApp.swift; sourceTree = "<group>"; };
		E8BB70932ADAE15C005385D4 /* Assets.xcassets */ = {isa = PBXFileReference; lastKnownFileType = folder.assetcatalog; path = Assets.xcassets; sourceTree = "<group>"; };
		E8BB70962ADAE15C005385D4 /* Preview Assets.xcassets */ = {isa = PBXFileReference; lastKnownFileType = folder.assetcatalog; path = "Preview Assets.xcassets"; sourceTree = "<group>"; };
		E8BB70982ADAE15C005385D4 /* Persistence.swift */ = {isa = PBXFileReference; lastKnownFileType = sourcecode.swift; path = Persistence.swift; sourceTree = "<group>"; };
		E8BB709B2ADAE15C005385D4 /* HttpRequest.xcdatamodel */ = {isa = PBXFileReference; lastKnownFileType = wrapper.xcdatamodel; path = HttpRequest.xcdatamodel; sourceTree = "<group>"; };
		E8BB70A22ADAE1D1005385D4 /* HomeView.swift */ = {isa = PBXFileReference; lastKnownFileType = sourcecode.swift; path = HomeView.swift; sourceTree = "<group>"; };
/* End PBXFileReference section */

/* Begin PBXFrameworksBuildPhase section */
		E8BB70892ADAE15B005385D4 /* Frameworks */ = {
			isa = PBXFrameworksBuildPhase;
			buildActionMask = 2147483647;
			files = (
				E84B2A442ADD671700DF0BCA /* SwiftSoup in Frameworks */,
				E89DF8342B24B24900F98170 /* OpenGraphReader in Frameworks */,
				E8A8086D2B2440BD00B3CE39 /* Alamofire in Frameworks */,
			);
			runOnlyForDeploymentPostprocessing = 0;
		};
/* End PBXFrameworksBuildPhase section */

/* Begin PBXGroup section */
		E80871372ADB9F9D00E66660 /* Views */ = {
			isa = PBXGroup;
			children = (
				E8BB70A22ADAE1D1005385D4 /* HomeView.swift */,
				E80871352ADB9F1000E66660 /* LinkView.swift */,
			);
			path = Views;
			sourceTree = "<group>";
		};
		E80871392ADB9FB000E66660 /* Models */ = {
			isa = PBXGroup;
			children = (
				E8BB70982ADAE15C005385D4 /* Persistence.swift */,
				E80871332ADB9F0200E66660 /* LinkViewModel.swift */,
			);
			path = Models;
			sourceTree = "<group>";
		};
		E8BB70832ADAE15B005385D4 = {
			isa = PBXGroup;
			children = (
				E8BB708E2ADAE15B005385D4 /* HttpRequest */,
				E8BB708D2ADAE15B005385D4 /* Products */,
			);
			sourceTree = "<group>";
		};
		E8BB708D2ADAE15B005385D4 /* Products */ = {
			isa = PBXGroup;
			children = (
				E8BB708C2ADAE15B005385D4 /* HttpRequest.app */,
			);
			name = Products;
			sourceTree = "<group>";
		};
		E8BB708E2ADAE15B005385D4 /* HttpRequest */ = {
			isa = PBXGroup;
			children = (
				E8BB708F2ADAE15B005385D4 /* HttpRequestApp.swift */,
				E80871392ADB9FB000E66660 /* Models */,
				E80871372ADB9F9D00E66660 /* Views */,
				E8BB70932ADAE15C005385D4 /* Assets.xcassets */,
				E8BB709A2ADAE15C005385D4 /* HttpRequest.xcdatamodeld */,
				E8BB70952ADAE15C005385D4 /* Preview Content */,
			);
			path = HttpRequest;
			sourceTree = "<group>";
		};
		E8BB70952ADAE15C005385D4 /* Preview Content */ = {
			isa = PBXGroup;
			children = (
				E8BB70962ADAE15C005385D4 /* Preview Assets.xcassets */,
			);
			path = "Preview Content";
			sourceTree = "<group>";
		};
/* End PBXGroup section */

/* Begin PBXNativeTarget section */
		E8BB708B2ADAE15B005385D4 /* HttpRequest */ = {
			isa = PBXNativeTarget;
			buildConfigurationList = E8BB709F2ADAE15C005385D4 /* Build configuration list for PBXNativeTarget "HttpRequest" */;
			buildPhases = (
				E8BB70882ADAE15B005385D4 /* Sources */,
				E8BB70892ADAE15B005385D4 /* Frameworks */,
				E8BB708A2ADAE15B005385D4 /* Resources */,
			);
			buildRules = (
			);
			dependencies = (
			);
			name = HttpRequest;
			packageProductDependencies = (
				E84B2A432ADD671700DF0BCA /* SwiftSoup */,
				E8A8086C2B2440BD00B3CE39 /* Alamofire */,
				E89DF8332B24B24900F98170 /* OpenGraphReader */,
			);
			productName = HttpRequest;
			productReference = E8BB708C2ADAE15B005385D4 /* HttpRequest.app */;
			productType = "com.apple.product-type.application";
		};
/* End PBXNativeTarget section */

/* Begin PBXProject section */
		E8BB70842ADAE15B005385D4 /* Project object */ = {
			isa = PBXProject;
			attributes = {
				BuildIndependentTargetsInParallel = 1;
				LastSwiftUpdateCheck = 1500;
				LastUpgradeCheck = 1500;
				TargetAttributes = {
					E8BB708B2ADAE15B005385D4 = {
						CreatedOnToolsVersion = 15.0;
					};
				};
			};
			buildConfigurationList = E8BB70872ADAE15B005385D4 /* Build configuration list for PBXProject "HttpRequest" */;
			compatibilityVersion = "Xcode 14.0";
			developmentRegion = en;
			hasScannedForEncodings = 0;
			knownRegions = (
				en,
				Base,
			);
			mainGroup = E8BB70832ADAE15B005385D4;
			packageReferences = (
				E84B2A422ADD671700DF0BCA /* XCRemoteSwiftPackageReference "swiftsoup" */,
				E8A8086B2B2440BD00B3CE39 /* XCRemoteSwiftPackageReference "Alamofire" */,
				E89DF8322B24B24900F98170 /* XCRemoteSwiftPackageReference "OpenGraphReader" */,
			);
			productRefGroup = E8BB708D2ADAE15B005385D4 /* Products */;
			projectDirPath = "";
			projectRoot = "";
			targets = (
				E8BB708B2ADAE15B005385D4 /* HttpRequest */,
			);
		};
/* End PBXProject section */

/* Begin PBXResourcesBuildPhase section */
		E8BB708A2ADAE15B005385D4 /* Resources */ = {
			isa = PBXResourcesBuildPhase;
			buildActionMask = 2147483647;
			files = (
				E8BB70972ADAE15C005385D4 /* Preview Assets.xcassets in Resources */,
				E8BB70942ADAE15C005385D4 /* Assets.xcassets in Resources */,
			);
			runOnlyForDeploymentPostprocessing = 0;
		};
/* End PBXResourcesBuildPhase section */

/* Begin PBXSourcesBuildPhase section */
		E8BB70882ADAE15B005385D4 /* Sources */ = {
			isa = PBXSourcesBuildPhase;
			buildActionMask = 2147483647;
			files = (
				E8BB70992ADAE15C005385D4 /* Persistence.swift in Sources */,
				E8BB709C2ADAE15C005385D4 /* HttpRequest.xcdatamodeld in Sources */,
				E80871342ADB9F0200E66660 /* LinkViewModel.swift in Sources */,
				E8BB70A32ADAE1D1005385D4 /* HomeView.swift in Sources */,
				E80871362ADB9F1000E66660 /* LinkView.swift in Sources */,
				E8BB70902ADAE15B005385D4 /* HttpRequestApp.swift in Sources */,
			);
			runOnlyForDeploymentPostprocessing = 0;
		};
/* End PBXSourcesBuildPhase section */

/* Begin XCBuildConfiguration section */
		E8BB709D2ADAE15C005385D4 /* Debug */ = {
			isa = XCBuildConfiguration;
			buildSettings = {
				ALWAYS_SEARCH_USER_PATHS = NO;
				ASSETCATALOG_COMPILER_GENERATE_SWIFT_ASSET_SYMBOL_EXTENSIONS = YES;
				CLANG_ANALYZER_NONNULL = YES;
				CLANG_ANALYZER_NUMBER_OBJECT_CONVERSION = YES_AGGRESSIVE;
				CLANG_CXX_LANGUAGE_STANDARD = "gnu++20";
				CLANG_ENABLE_MODULES = YES;
				CLANG_ENABLE_OBJC_ARC = YES;
				CLANG_ENABLE_OBJC_WEAK = YES;
				CLANG_WARN_BLOCK_CAPTURE_AUTORELEASING = YES;
				CLANG_WARN_BOOL_CONVERSION = YES;
				CLANG_WARN_COMMA = YES;
				CLANG_WARN_CONSTANT_CONVERSION = YES;
				CLANG_WARN_DEPRECATED_OBJC_IMPLEMENTATIONS = YES;
				CLANG_WARN_DIRECT_OBJC_ISA_USAGE = YES_ERROR;
				CLANG_WARN_DOCUMENTATION_COMMENTS = YES;
				CLANG_WARN_EMPTY_BODY = YES;
				CLANG_WARN_ENUM_CONVERSION = YES;
				CLANG_WARN_INFINITE_RECURSION = YES;
				CLANG_WARN_INT_CONVERSION = YES;
				CLANG_WARN_NON_LITERAL_NULL_CONVERSION = YES;
				CLANG_WARN_OBJC_IMPLICIT_RETAIN_SELF = YES;
				CLANG_WARN_OBJC_LITERAL_CONVERSION = YES;
				CLANG_WARN_OBJC_ROOT_CLASS = YES_ERROR;
				CLANG_WARN_QUOTED_INCLUDE_IN_FRAMEWORK_HEADER = YES;
				CLANG_WARN_RANGE_LOOP_ANALYSIS = YES;
				CLANG_WARN_STRICT_PROTOTYPES = YES;
				CLANG_WARN_SUSPICIOUS_MOVE = YES;
				CLANG_WARN_UNGUARDED_AVAILABILITY = YES_AGGRESSIVE;
				CLANG_WARN_UNREACHABLE_CODE = YES;
				CLANG_WARN__DUPLICATE_METHOD_MATCH = YES;
				COPY_PHASE_STRIP = NO;
				DEBUG_INFORMATION_FORMAT = dwarf;
				ENABLE_STRICT_OBJC_MSGSEND = YES;
				ENABLE_TESTABILITY = YES;
				ENABLE_USER_SCRIPT_SANDBOXING = YES;
				GCC_C_LANGUAGE_STANDARD = gnu17;
				GCC_DYNAMIC_NO_PIC = NO;
				GCC_NO_COMMON_BLOCKS = YES;
				GCC_OPTIMIZATION_LEVEL = 0;
				GCC_PREPROCESSOR_DEFINITIONS = (
					"DEBUG=1",
					"$(inherited)",
				);
				GCC_WARN_64_TO_32_BIT_CONVERSION = YES;
				GCC_WARN_ABOUT_RETURN_TYPE = YES_ERROR;
				GCC_WARN_UNDECLARED_SELECTOR = YES;
				GCC_WARN_UNINITIALIZED_AUTOS = YES_AGGRESSIVE;
				GCC_WARN_UNUSED_FUNCTION = YES;
				GCC_WARN_UNUSED_VARIABLE = YES;
				IPHONEOS_DEPLOYMENT_TARGET = 17.0;
				LOCALIZATION_PREFERS_STRING_CATALOGS = YES;
				MTL_ENABLE_DEBUG_INFO = INCLUDE_SOURCE;
				MTL_FAST_MATH = YES;
				ONLY_ACTIVE_ARCH = YES;
				SDKROOT = iphoneos;
				SWIFT_ACTIVE_COMPILATION_CONDITIONS = "DEBUG $(inherited)";
				SWIFT_OPTIMIZATION_LEVEL = "-Onone";
			};
			name = Debug;
		};
		E8BB709E2ADAE15C005385D4 /* Release */ = {
			isa = XCBuildConfiguration;
			buildSettings = {
				ALWAYS_SEARCH_USER_PATHS = NO;
				ASSETCATALOG_COMPILER_GENERATE_SWIFT_ASSET_SYMBOL_EXTENSIONS = YES;
				CLANG_ANALYZER_NONNULL = YES;
				CLANG_ANALYZER_NUMBER_OBJECT_CONVERSION = YES_AGGRESSIVE;
				CLANG_CXX_LANGUAGE_STANDARD = "gnu++20";
				CLANG_ENABLE_MODULES = YES;
				CLANG_ENABLE_OBJC_ARC = YES;
				CLANG_ENABLE_OBJC_WEAK = YES;
				CLANG_WARN_BLOCK_CAPTURE_AUTORELEASING = YES;
				CLANG_WARN_BOOL_CONVERSION = YES;
				CLANG_WARN_COMMA = YES;
				CLANG_WARN_CONSTANT_CONVERSION = YES;
				CLANG_WARN_DEPRECATED_OBJC_IMPLEMENTATIONS = YES;
				CLANG_WARN_DIRECT_OBJC_ISA_USAGE = YES_ERROR;
				CLANG_WARN_DOCUMENTATION_COMMENTS = YES;
				CLANG_WARN_EMPTY_BODY = YES;
				CLANG_WARN_ENUM_CONVERSION = YES;
				CLANG_WARN_INFINITE_RECURSION = YES;
				CLANG_WARN_INT_CONVERSION = YES;
				CLANG_WARN_NON_LITERAL_NULL_CONVERSION = YES;
				CLANG_WARN_OBJC_IMPLICIT_RETAIN_SELF = YES;
				CLANG_WARN_OBJC_LITERAL_CONVERSION = YES;
				CLANG_WARN_OBJC_ROOT_CLASS = YES_ERROR;
				CLANG_WARN_QUOTED_INCLUDE_IN_FRAMEWORK_HEADER = YES;
				CLANG_WARN_RANGE_LOOP_ANALYSIS = YES;
				CLANG_WARN_STRICT_PROTOTYPES = YES;
				CLANG_WARN_SUSPICIOUS_MOVE = YES;
				CLANG_WARN_UNGUARDED_AVAILABILITY = YES_AGGRESSIVE;
				CLANG_WARN_UNREACHABLE_CODE = YES;
				CLANG_WARN__DUPLICATE_METHOD_MATCH = YES;
				COPY_PHASE_STRIP = NO;
				DEBUG_INFORMATION_FORMAT = "dwarf-with-dsym";
				ENABLE_NS_ASSERTIONS = NO;
				ENABLE_STRICT_OBJC_MSGSEND = YES;
				ENABLE_USER_SCRIPT_SANDBOXING = YES;
				GCC_C_LANGUAGE_STANDARD = gnu17;
				GCC_NO_COMMON_BLOCKS = YES;
				GCC_WARN_64_TO_32_BIT_CONVERSION = YES;
				GCC_WARN_ABOUT_RETURN_TYPE = YES_ERROR;
				GCC_WARN_UNDECLARED_SELECTOR = YES;
				GCC_WARN_UNINITIALIZED_AUTOS = YES_AGGRESSIVE;
				GCC_WARN_UNUSED_FUNCTION = YES;
				GCC_WARN_UNUSED_VARIABLE = YES;
				IPHONEOS_DEPLOYMENT_TARGET = 17.0;
				LOCALIZATION_PREFERS_STRING_CATALOGS = YES;
				MTL_ENABLE_DEBUG_INFO = NO;
				MTL_FAST_MATH = YES;
				SDKROOT = iphoneos;
				SWIFT_COMPILATION_MODE = wholemodule;
				VALIDATE_PRODUCT = YES;
			};
			name = Release;
		};
		E8BB70A02ADAE15C005385D4 /* Debug */ = {
			isa = XCBuildConfiguration;
			buildSettings = {
				ASSETCATALOG_COMPILER_APPICON_NAME = AppIcon;
				ASSETCATALOG_COMPILER_GLOBAL_ACCENT_COLOR_NAME = AccentColor;
				CODE_SIGN_STYLE = Automatic;
				CURRENT_PROJECT_VERSION = 1;
				DEVELOPMENT_ASSET_PATHS = "\"HttpRequest/Preview Content\"";
				DEVELOPMENT_TEAM = 3Z4LU2GW4G;
				ENABLE_PREVIEWS = YES;
				GENERATE_INFOPLIST_FILE = YES;
				INFOPLIST_KEY_UIApplicationSceneManifest_Generation = YES;
				INFOPLIST_KEY_UIApplicationSupportsIndirectInputEvents = YES;
				INFOPLIST_KEY_UILaunchScreen_Generation = YES;
				INFOPLIST_KEY_UISupportedInterfaceOrientations_iPad = "UIInterfaceOrientationPortrait UIInterfaceOrientationPortraitUpsideDown UIInterfaceOrientationLandscapeLeft UIInterfaceOrientationLandscapeRight";
				INFOPLIST_KEY_UISupportedInterfaceOrientations_iPhone = "UIInterfaceOrientationPortrait UIInterfaceOrientationLandscapeLeft UIInterfaceOrientationLandscapeRight";
				IPHONEOS_DEPLOYMENT_TARGET = 16.6;
				LD_RUNPATH_SEARCH_PATHS = (
					"$(inherited)",
					"@executable_path/Frameworks",
				);
				MARKETING_VERSION = 1.0;
				PRODUCT_BUNDLE_IDENTIFIER = com.kadekedwin.HttpRequest;
				PRODUCT_NAME = "$(TARGET_NAME)";
				SWIFT_EMIT_LOC_STRINGS = YES;
				SWIFT_VERSION = 5.0;
				TARGETED_DEVICE_FAMILY = "1,2";
			};
			name = Debug;
		};
		E8BB70A12ADAE15C005385D4 /* Release */ = {
			isa = XCBuildConfiguration;
			buildSettings = {
				ASSETCATALOG_COMPILER_APPICON_NAME = AppIcon;
				ASSETCATALOG_COMPILER_GLOBAL_ACCENT_COLOR_NAME = AccentColor;
				CODE_SIGN_STYLE = Automatic;
				CURRENT_PROJECT_VERSION = 1;
				DEVELOPMENT_ASSET_PATHS = "\"HttpRequest/Preview Content\"";
				DEVELOPMENT_TEAM = 3Z4LU2GW4G;
				ENABLE_PREVIEWS = YES;
				GENERATE_INFOPLIST_FILE = YES;
				INFOPLIST_KEY_UIApplicationSceneManifest_Generation = YES;
				INFOPLIST_KEY_UIApplicationSupportsIndirectInputEvents = YES;
				INFOPLIST_KEY_UILaunchScreen_Generation = YES;
				INFOPLIST_KEY_UISupportedInterfaceOrientations_iPad = "UIInterfaceOrientationPortrait UIInterfaceOrientationPortraitUpsideDown UIInterfaceOrientationLandscapeLeft UIInterfaceOrientationLandscapeRight";
				INFOPLIST_KEY_UISupportedInterfaceOrientations_iPhone = "UIInterfaceOrientationPortrait UIInterfaceOrientationLandscapeLeft UIInterfaceOrientationLandscapeRight";
				IPHONEOS_DEPLOYMENT_TARGET = 16.6;
				LD_RUNPATH_SEARCH_PATHS = (
					"$(inherited)",
					"@executable_path/Frameworks",
				);
				MARKETING_VERSION = 1.0;
				PRODUCT_BUNDLE_IDENTIFIER = com.kadekedwin.HttpRequest;
				PRODUCT_NAME = "$(TARGET_NAME)";
				SWIFT_EMIT_LOC_STRINGS = YES;
				SWIFT_VERSION = 5.0;
				TARGETED_DEVICE_FAMILY = "1,2";
			};
			name = Release;
		};
/* End XCBuildConfiguration section */

/* Begin XCConfigurationList section */
		E8BB70872ADAE15B005385D4 /* Build configuration list for PBXProject "HttpRequest" */ = {
			isa = XCConfigurationList;
			buildConfigurations = (
				E8BB709D2ADAE15C005385D4 /* Debug */,
				E8BB709E2ADAE15C005385D4 /* Release */,
			);
			defaultConfigurationIsVisible = 0;
			defaultConfigurationName = Release;
		};
		E8BB709F2ADAE15C005385D4 /* Build configuration list for PBXNativeTarget "HttpRequest" */ = {
			isa = XCConfigurationList;
			buildConfigurations = (
				E8BB70A02ADAE15C005385D4 /* Debug */,
				E8BB70A12ADAE15C005385D4 /* Release */,
			);
			defaultConfigurationIsVisible = 0;
			defaultConfigurationName = Release;
		};
/* End XCConfigurationList section */

/* Begin XCRemoteSwiftPackageReference section */
		E84B2A422ADD671700DF0BCA /* XCRemoteSwiftPackageReference "swiftsoup" */ = {
			isa = XCRemoteSwiftPackageReference;
			repositoryURL = "https://github.com/scinfu/swiftsoup";
			requirement = {
				kind = upToNextMajorVersion;
				minimumVersion = 2.6.1;
			};
		};
		E89DF8322B24B24900F98170 /* XCRemoteSwiftPackageReference "OpenGraphReader" */ = {
			isa = XCRemoteSwiftPackageReference;
			repositoryURL = "https://github.com/pzmudzinski/OpenGraphReader.git";
			requirement = {
				kind = upToNextMajorVersion;
				minimumVersion = 1.0.1;
			};
		};
		E8A8086B2B2440BD00B3CE39 /* XCRemoteSwiftPackageReference "Alamofire" */ = {
			isa = XCRemoteSwiftPackageReference;
			repositoryURL = "https://github.com/Alamofire/Alamofire";
			requirement = {
				kind = upToNextMajorVersion;
				minimumVersion = 5.8.1;
			};
		};
/* End XCRemoteSwiftPackageReference section */

/* Begin XCSwiftPackageProductDependency section */
		E84B2A432ADD671700DF0BCA /* SwiftSoup */ = {
			isa = XCSwiftPackageProductDependency;
			package = E84B2A422ADD671700DF0BCA /* XCRemoteSwiftPackageReference "swiftsoup" */;
			productName = SwiftSoup;
		};
		E89DF8332B24B24900F98170 /* OpenGraphReader */ = {
			isa = XCSwiftPackageProductDependency;
			package = E89DF8322B24B24900F98170 /* XCRemoteSwiftPackageReference "OpenGraphReader" */;
			productName = OpenGraphReader;
		};
		E8A8086C2B2440BD00B3CE39 /* Alamofire */ = {
			isa = XCSwiftPackageProductDependency;
			package = E8A8086B2B2440BD00B3CE39 /* XCRemoteSwiftPackageReference "Alamofire" */;
			productName = Alamofire;
		};
/* End XCSwiftPackageProductDependency section */

/* Begin XCVersionGroup section */
		E8BB709A2ADAE15C005385D4 /* HttpRequest.xcdatamodeld */ = {
			isa = XCVersionGroup;
			children = (
				E8BB709B2ADAE15C005385D4 /* HttpRequest.xcdatamodel */,
			);
			currentVersion = E8BB709B2ADAE15C005385D4 /* HttpRequest.xcdatamodel */;
			path = HttpRequest.xcdatamodeld;
			sourceTree = "<group>";
			versionGroupType = wrapper.xcdatamodel;
		};
/* End XCVersionGroup section */
	};
	rootObject = E8BB70842ADAE15B005385D4 /* Project object */;
}
